
Microsoft Visual Studio Solution File, Format Version 12.00
# Visual Studio Version 17
VisualStudioVersion = 17.3.32825.248
MinimumVisualStudioVersion = 10.0.40219.1
Project("{FAE04EC0-301F-11D3-BF4B-00C04F79EFBC}") = "практическая 1", "практическая 1\практическая 1.csproj", "{421F1896-7915-4310-AC6C-26EEAB92A2E2}"
EndProject
Global
	GlobalSection(SolutionConfigurationPlatforms) = preSolution
		Debug|Any CPU = Debug|Any CPU
		Release|Any CPU = Release|Any CPU
	EndGlobalSection
	GlobalSection(ProjectConfigurationPlatforms) = postSolution
		{421F1896-7915-4310-AC6C-26EEAB92A2E2}.Debug|Any CPU.ActiveCfg = Debug|Any CPU
		{421F1896-7915-4310-AC6C-26EEAB92A2E2}.Debug|Any CPU.Build.0 = Debug|Any CPU
		{421F1896-7915-4310-AC6C-26EEAB92A2E2}.Release|Any CPU.ActiveCfg = Release|Any CPU
		{421F1896-7915-4310-AC6C-26EEAB92A2E2}.Release|Any CPU.Build.0 = Release|Any CPU
	EndGlobalSection
	GlobalSection(SolutionProperties) = preSolution
		HideSolutionNode = FALSE
	EndGlobalSection
	GlobalSection(ExtensibilityGlobals) = postSolution
		SolutionGuid = {1C208524-1B51-4E11-A5D2-E9DABF52A4DE}
	EndGlobalSection
EndGlobal
